// !$*UTF8*$!
{
	archiveVersion = 1;
	classes = {
	};
	objectVersion = 56;
	objects = {

/* Begin PBXBuildFile section */
		A708BC432C1AE54C007121CF /* ConnectivityService.swift in Sources */ = {isa = PBXBuildFile; fileRef = A708BC422C1AE54C007121CF /* ConnectivityService.swift */; };
		A708BC452C1B5E23007121CF /* WebAPIService.swift in Sources */ = {isa = PBXBuildFile; fileRef = A708BC442C1B5E23007121CF /* WebAPIService.swift */; };
		A708BC4F2C1B6C8F007121CF /* NetworkService.swift in Sources */ = {isa = PBXBuildFile; fileRef = A708BC4E2C1B6C8F007121CF /* NetworkService.swift */; };
		A71255C62C1B884100680789 /* ConnectivityManagerFake.swift in Sources */ = {isa = PBXBuildFile; fileRef = A71255C52C1B884100680789 /* ConnectivityManagerFake.swift */; };
		A71255CA2C1B888F00680789 /* NetworkClientFake.swift in Sources */ = {isa = PBXBuildFile; fileRef = A71255C82C1B888F00680789 /* NetworkClientFake.swift */; };
		A71255CC2C1B8ABB00680789 /* AlertManagerFake.swift in Sources */ = {isa = PBXBuildFile; fileRef = A71255CB2C1B8ABB00680789 /* AlertManagerFake.swift */; };
		A71255CE2C1B8B4400680789 /* EnvironmentManagerFake.swift in Sources */ = {isa = PBXBuildFile; fileRef = A71255CD2C1B8B4400680789 /* EnvironmentManagerFake.swift */; };
		A71255D02C1B8B9000680789 /* NewsClientFake.swift in Sources */ = {isa = PBXBuildFile; fileRef = A71255CF2C1B8B9000680789 /* NewsClientFake.swift */; };
		A71255D42C1B8E4A00680789 /* NewsClientTests.swift in Sources */ = {isa = PBXBuildFile; fileRef = A71255D32C1B8E4A00680789 /* NewsClientTests.swift */; };
		A71255D72C1B90D600680789 /* ArticlesResponse+Mock.swift in Sources */ = {isa = PBXBuildFile; fileRef = A71255D62C1B90D600680789 /* ArticlesResponse+Mock.swift */; };
		A71255D92C1B918800680789 /* Article+Mock.swift in Sources */ = {isa = PBXBuildFile; fileRef = A71255D82C1B918800680789 /* Article+Mock.swift */; };
		A7F3B2832C0FBC0A0016891F /* AppDelegate.swift in Sources */ = {isa = PBXBuildFile; fileRef = A7F3B2822C0FBC0A0016891F /* AppDelegate.swift */; };
		A7F3B2852C0FBC0A0016891F /* SceneDelegate.swift in Sources */ = {isa = PBXBuildFile; fileRef = A7F3B2842C0FBC0A0016891F /* SceneDelegate.swift */; };
		A7F3B2872C0FBC0A0016891F /* HomeViewController.swift in Sources */ = {isa = PBXBuildFile; fileRef = A7F3B2862C0FBC0A0016891F /* HomeViewController.swift */; };
		A7F3B28C2C0FBC0D0016891F /* Assets.xcassets in Resources */ = {isa = PBXBuildFile; fileRef = A7F3B28B2C0FBC0D0016891F /* Assets.xcassets */; };
		A7F3B28F2C0FBC0D0016891F /* LaunchScreen.storyboard in Resources */ = {isa = PBXBuildFile; fileRef = A7F3B28D2C0FBC0D0016891F /* LaunchScreen.storyboard */; };
		A7F3B2A42C0FBC0D0016891F /* DataFetcherUITests.swift in Sources */ = {isa = PBXBuildFile; fileRef = A7F3B2A32C0FBC0D0016891F /* DataFetcherUITests.swift */; };
		A7F3B2A62C0FBC0D0016891F /* DataFetcherUITestsLaunchTests.swift in Sources */ = {isa = PBXBuildFile; fileRef = A7F3B2A52C0FBC0D0016891F /* DataFetcherUITestsLaunchTests.swift */; };
		A7F3B2BB2C1A16C30016891F /* Article.swift in Sources */ = {isa = PBXBuildFile; fileRef = A7F3B2BA2C1A16C30016891F /* Article.swift */; };
		A7F3B2BD2C1A18180016891F /* EnvironmentService.swift in Sources */ = {isa = PBXBuildFile; fileRef = A7F3B2BC2C1A18180016891F /* EnvironmentService.swift */; };
		A7F3B2C12C1A1E150016891F /* ArticlesResponse.swift in Sources */ = {isa = PBXBuildFile; fileRef = A7F3B2C02C1A1E150016891F /* ArticlesResponse.swift */; };
		A7F3B2C52C1A1E680016891F /* Multimedia.swift in Sources */ = {isa = PBXBuildFile; fileRef = A7F3B2C42C1A1E680016891F /* Multimedia.swift */; };
		A7F3B2CB2C1A22980016891F /* HomeViewModel.swift in Sources */ = {isa = PBXBuildFile; fileRef = A7F3B2CA2C1A22980016891F /* HomeViewModel.swift */; };
		A7F3B2CD2C1A24250016891F /* HomeTableViewCell.swift in Sources */ = {isa = PBXBuildFile; fileRef = A7F3B2CC2C1A24250016891F /* HomeTableViewCell.swift */; };
		A7F3B2CF2C1A29EB0016891F /* ArticleViewController.swift in Sources */ = {isa = PBXBuildFile; fileRef = A7F3B2CE2C1A29EB0016891F /* ArticleViewController.swift */; };
		A7F3B2D12C1A2A160016891F /* ArticleViewModel.swift in Sources */ = {isa = PBXBuildFile; fileRef = A7F3B2D02C1A2A160016891F /* ArticleViewModel.swift */; };
		A7F3B2D42C1A30570016891F /* RemoteImageView.swift in Sources */ = {isa = PBXBuildFile; fileRef = A7F3B2D32C1A30570016891F /* RemoteImageView.swift */; };
		A7F3B2D92C1ACDE20016891F /* AlertService.swift in Sources */ = {isa = PBXBuildFile; fileRef = A7F3B2D82C1ACDE20016891F /* AlertService.swift */; };
/* End PBXBuildFile section */

/* Begin PBXContainerItemProxy section */
		A7F3B2962C0FBC0D0016891F /* PBXContainerItemProxy */ = {
			isa = PBXContainerItemProxy;
			containerPortal = A7F3B2772C0FBC0A0016891F /* Project object */;
			proxyType = 1;
			remoteGlobalIDString = A7F3B27E2C0FBC0A0016891F;
			remoteInfo = DataFetcher;
		};
		A7F3B2A02C0FBC0D0016891F /* PBXContainerItemProxy */ = {
			isa = PBXContainerItemProxy;
			containerPortal = A7F3B2772C0FBC0A0016891F /* Project object */;
			proxyType = 1;
			remoteGlobalIDString = A7F3B27E2C0FBC0A0016891F;
			remoteInfo = DataFetcher;
		};
/* End PBXContainerItemProxy section */

/* Begin PBXFileReference section */
		A708BC422C1AE54C007121CF /* ConnectivityService.swift */ = {isa = PBXFileReference; lastKnownFileType = sourcecode.swift; path = ConnectivityService.swift; sourceTree = "<group>"; };
		A708BC442C1B5E23007121CF /* WebAPIService.swift */ = {isa = PBXFileReference; lastKnownFileType = sourcecode.swift; path = WebAPIService.swift; sourceTree = "<group>"; };
		A708BC4E2C1B6C8F007121CF /* NetworkService.swift */ = {isa = PBXFileReference; lastKnownFileType = sourcecode.swift; path = NetworkService.swift; sourceTree = "<group>"; };
		A71255C52C1B884100680789 /* ConnectivityManagerFake.swift */ = {isa = PBXFileReference; lastKnownFileType = sourcecode.swift; path = ConnectivityManagerFake.swift; sourceTree = "<group>"; };
		A71255C82C1B888F00680789 /* NetworkClientFake.swift */ = {isa = PBXFileReference; lastKnownFileType = sourcecode.swift; path = NetworkClientFake.swift; sourceTree = "<group>"; };
		A71255CB2C1B8ABB00680789 /* AlertManagerFake.swift */ = {isa = PBXFileReference; lastKnownFileType = sourcecode.swift; path = AlertManagerFake.swift; sourceTree = "<group>"; };
		A71255CD2C1B8B4400680789 /* EnvironmentManagerFake.swift */ = {isa = PBXFileReference; lastKnownFileType = sourcecode.swift; path = EnvironmentManagerFake.swift; sourceTree = "<group>"; };
		A71255CF2C1B8B9000680789 /* NewsClientFake.swift */ = {isa = PBXFileReference; lastKnownFileType = sourcecode.swift; path = NewsClientFake.swift; sourceTree = "<group>"; };
		A71255D32C1B8E4A00680789 /* NewsClientTests.swift */ = {isa = PBXFileReference; lastKnownFileType = sourcecode.swift; path = NewsClientTests.swift; sourceTree = "<group>"; };
		A71255D62C1B90D600680789 /* ArticlesResponse+Mock.swift */ = {isa = PBXFileReference; lastKnownFileType = sourcecode.swift; path = "ArticlesResponse+Mock.swift"; sourceTree = "<group>"; };
		A71255D82C1B918800680789 /* Article+Mock.swift */ = {isa = PBXFileReference; lastKnownFileType = sourcecode.swift; path = "Article+Mock.swift"; sourceTree = "<group>"; };
		A7F3B27F2C0FBC0A0016891F /* DataFetcher.app */ = {isa = PBXFileReference; explicitFileType = wrapper.application; includeInIndex = 0; path = DataFetcher.app; sourceTree = BUILT_PRODUCTS_DIR; };
		A7F3B2822C0FBC0A0016891F /* AppDelegate.swift */ = {isa = PBXFileReference; lastKnownFileType = sourcecode.swift; path = AppDelegate.swift; sourceTree = "<group>"; };
		A7F3B2842C0FBC0A0016891F /* SceneDelegate.swift */ = {isa = PBXFileReference; lastKnownFileType = sourcecode.swift; path = SceneDelegate.swift; sourceTree = "<group>"; };
		A7F3B2862C0FBC0A0016891F /* HomeViewController.swift */ = {isa = PBXFileReference; lastKnownFileType = sourcecode.swift; path = HomeViewController.swift; sourceTree = "<group>"; };
		A7F3B28B2C0FBC0D0016891F /* Assets.xcassets */ = {isa = PBXFileReference; lastKnownFileType = folder.assetcatalog; path = Assets.xcassets; sourceTree = "<group>"; };
		A7F3B28E2C0FBC0D0016891F /* Base */ = {isa = PBXFileReference; lastKnownFileType = file.storyboard; name = Base; path = Base.lproj/LaunchScreen.storyboard; sourceTree = "<group>"; };
		A7F3B2902C0FBC0D0016891F /* Info.plist */ = {isa = PBXFileReference; lastKnownFileType = text.plist.xml; path = Info.plist; sourceTree = "<group>"; };
		A7F3B2952C0FBC0D0016891F /* DataFetcherTests.xctest */ = {isa = PBXFileReference; explicitFileType = wrapper.cfbundle; includeInIndex = 0; path = DataFetcherTests.xctest; sourceTree = BUILT_PRODUCTS_DIR; };
		A7F3B29F2C0FBC0D0016891F /* DataFetcherUITests.xctest */ = {isa = PBXFileReference; explicitFileType = wrapper.cfbundle; includeInIndex = 0; path = DataFetcherUITests.xctest; sourceTree = BUILT_PRODUCTS_DIR; };
		A7F3B2A32C0FBC0D0016891F /* DataFetcherUITests.swift */ = {isa = PBXFileReference; lastKnownFileType = sourcecode.swift; path = DataFetcherUITests.swift; sourceTree = "<group>"; };
		A7F3B2A52C0FBC0D0016891F /* DataFetcherUITestsLaunchTests.swift */ = {isa = PBXFileReference; lastKnownFileType = sourcecode.swift; path = DataFetcherUITestsLaunchTests.swift; sourceTree = "<group>"; };
		A7F3B2B22C1A0C420016891F /* Config.xcconfig */ = {isa = PBXFileReference; lastKnownFileType = text.xcconfig; path = Config.xcconfig; sourceTree = "<group>"; };
		A7F3B2BA2C1A16C30016891F /* Article.swift */ = {isa = PBXFileReference; lastKnownFileType = sourcecode.swift; path = Article.swift; sourceTree = "<group>"; };
		A7F3B2BC2C1A18180016891F /* EnvironmentService.swift */ = {isa = PBXFileReference; lastKnownFileType = sourcecode.swift; path = EnvironmentService.swift; sourceTree = "<group>"; };
		A7F3B2C02C1A1E150016891F /* ArticlesResponse.swift */ = {isa = PBXFileReference; lastKnownFileType = sourcecode.swift; path = ArticlesResponse.swift; sourceTree = "<group>"; };
		A7F3B2C42C1A1E680016891F /* Multimedia.swift */ = {isa = PBXFileReference; lastKnownFileType = sourcecode.swift; path = Multimedia.swift; sourceTree = "<group>"; };
		A7F3B2CA2C1A22980016891F /* HomeViewModel.swift */ = {isa = PBXFileReference; lastKnownFileType = sourcecode.swift; path = HomeViewModel.swift; sourceTree = "<group>"; };
		A7F3B2CC2C1A24250016891F /* HomeTableViewCell.swift */ = {isa = PBXFileReference; lastKnownFileType = sourcecode.swift; path = HomeTableViewCell.swift; sourceTree = "<group>"; };
		A7F3B2CE2C1A29EB0016891F /* ArticleViewController.swift */ = {isa = PBXFileReference; lastKnownFileType = sourcecode.swift; path = ArticleViewController.swift; sourceTree = "<group>"; };
		A7F3B2D02C1A2A160016891F /* ArticleViewModel.swift */ = {isa = PBXFileReference; lastKnownFileType = sourcecode.swift; path = ArticleViewModel.swift; sourceTree = "<group>"; };
		A7F3B2D32C1A30570016891F /* RemoteImageView.swift */ = {isa = PBXFileReference; lastKnownFileType = sourcecode.swift; path = RemoteImageView.swift; sourceTree = "<group>"; };
		A7F3B2D82C1ACDE20016891F /* AlertService.swift */ = {isa = PBXFileReference; lastKnownFileType = sourcecode.swift; path = AlertService.swift; sourceTree = "<group>"; };
/* End PBXFileReference section */

/* Begin PBXFrameworksBuildPhase section */
		A7F3B27C2C0FBC0A0016891F /* Frameworks */ = {
			isa = PBXFrameworksBuildPhase;
			buildActionMask = 2147483647;
			files = (
			);
			runOnlyForDeploymentPostprocessing = 0;
		};
		A7F3B2922C0FBC0D0016891F /* Frameworks */ = {
			isa = PBXFrameworksBuildPhase;
			buildActionMask = 2147483647;
			files = (
			);
			runOnlyForDeploymentPostprocessing = 0;
		};
		A7F3B29C2C0FBC0D0016891F /* Frameworks */ = {
			isa = PBXFrameworksBuildPhase;
			buildActionMask = 2147483647;
			files = (
			);
			runOnlyForDeploymentPostprocessing = 0;
		};
/* End PBXFrameworksBuildPhase section */

/* Begin PBXGroup section */
		A708BC462C1B5E4C007121CF /* Environment */ = {
			isa = PBXGroup;
			children = (
				A7F3B2BC2C1A18180016891F /* EnvironmentService.swift */,
			);
			path = Environment;
			sourceTree = "<group>";
		};
		A708BC492C1B5F0E007121CF /* Alert */ = {
			isa = PBXGroup;
			children = (
				A7F3B2D82C1ACDE20016891F /* AlertService.swift */,
			);
			path = Alert;
			sourceTree = "<group>";
		};
		A708BC4C2C1B5F34007121CF /* Connectivity */ = {
			isa = PBXGroup;
			children = (
				A708BC422C1AE54C007121CF /* ConnectivityService.swift */,
			);
			path = Connectivity;
			sourceTree = "<group>";
		};
		A708BC4D2C1B6BEF007121CF /* Network */ = {
			isa = PBXGroup;
			children = (
				A708BC4E2C1B6C8F007121CF /* NetworkService.swift */,
			);
			path = Network;
			sourceTree = "<group>";
		};
		A71255C32C1B87CA00680789 /* Services */ = {
			isa = PBXGroup;
			children = (
				A71255D32C1B8E4A00680789 /* NewsClientTests.swift */,
			);
			path = Services;
			sourceTree = "<group>";
		};
		A71255C42C1B87DF00680789 /* Fakes */ = {
			isa = PBXGroup;
			children = (
				A71255C52C1B884100680789 /* ConnectivityManagerFake.swift */,
				A71255C82C1B888F00680789 /* NetworkClientFake.swift */,
				A71255CB2C1B8ABB00680789 /* AlertManagerFake.swift */,
				A71255CD2C1B8B4400680789 /* EnvironmentManagerFake.swift */,
				A71255CF2C1B8B9000680789 /* NewsClientFake.swift */,
			);
			path = Fakes;
			sourceTree = "<group>";
		};
		A71255D52C1B90C000680789 /* Utils */ = {
			isa = PBXGroup;
			children = (
				A71255D62C1B90D600680789 /* ArticlesResponse+Mock.swift */,
				A71255D82C1B918800680789 /* Article+Mock.swift */,
			);
			path = Utils;
			sourceTree = "<group>";
		};
		A7F3B2762C0FBC0A0016891F = {
			isa = PBXGroup;
			children = (
				A7F3B2812C0FBC0A0016891F /* DataFetcher */,
				A7F3B2982C0FBC0D0016891F /* DataFetcherTests */,
				A7F3B2A22C0FBC0D0016891F /* DataFetcherUITests */,
				A7F3B2802C0FBC0A0016891F /* Products */,
			);
			sourceTree = "<group>";
		};
		A7F3B2802C0FBC0A0016891F /* Products */ = {
			isa = PBXGroup;
			children = (
				A7F3B27F2C0FBC0A0016891F /* DataFetcher.app */,
				A7F3B2952C0FBC0D0016891F /* DataFetcherTests.xctest */,
				A7F3B29F2C0FBC0D0016891F /* DataFetcherUITests.xctest */,
			);
			name = Products;
			sourceTree = "<group>";
		};
		A7F3B2812C0FBC0A0016891F /* DataFetcher */ = {
			isa = PBXGroup;
			children = (
				A7F3B2C92C1A22890016891F /* ViewModels */,
				A7F3B2B92C1A16AE0016891F /* Models */,
				A7F3B2B42C1A13FD0016891F /* Services */,
				A7F3B2B32C1A13BA0016891F /* Views */,
				A7F3B2822C0FBC0A0016891F /* AppDelegate.swift */,
				A7F3B2842C0FBC0A0016891F /* SceneDelegate.swift */,
				A7F3B2B22C1A0C420016891F /* Config.xcconfig */,
				A7F3B28B2C0FBC0D0016891F /* Assets.xcassets */,
				A7F3B28D2C0FBC0D0016891F /* LaunchScreen.storyboard */,
				A7F3B2902C0FBC0D0016891F /* Info.plist */,
			);
			path = DataFetcher;
			sourceTree = "<group>";
		};
		A7F3B2982C0FBC0D0016891F /* DataFetcherTests */ = {
			isa = PBXGroup;
			children = (
				A71255D52C1B90C000680789 /* Utils */,
				A71255C42C1B87DF00680789 /* Fakes */,
				A71255C32C1B87CA00680789 /* Services */,
			);
			path = DataFetcherTests;
			sourceTree = "<group>";
		};
		A7F3B2A22C0FBC0D0016891F /* DataFetcherUITests */ = {
			isa = PBXGroup;
			children = (
				A7F3B2A32C0FBC0D0016891F /* DataFetcherUITests.swift */,
				A7F3B2A52C0FBC0D0016891F /* DataFetcherUITestsLaunchTests.swift */,
			);
			path = DataFetcherUITests;
			sourceTree = "<group>";
		};
		A7F3B2B32C1A13BA0016891F /* Views */ = {
			isa = PBXGroup;
			children = (
				A7F3B2D22C1A303D0016891F /* Components */,
				A7F3B2C82C1A21A00016891F /* Article */,
				A7F3B2C72C1A21980016891F /* Home */,
			);
			path = Views;
			sourceTree = "<group>";
		};
		A7F3B2B42C1A13FD0016891F /* Services */ = {
			isa = PBXGroup;
			children = (
				A708BC4D2C1B6BEF007121CF /* Network */,
				A708BC4C2C1B5F34007121CF /* Connectivity */,
				A708BC492C1B5F0E007121CF /* Alert */,
				A708BC462C1B5E4C007121CF /* Environment */,
				A7F3B2C62C1A1FEA0016891F /* WebAPI */,
			);
			path = Services;
			sourceTree = "<group>";
		};
		A7F3B2B92C1A16AE0016891F /* Models */ = {
			isa = PBXGroup;
			children = (
				A7F3B2BA2C1A16C30016891F /* Article.swift */,
				A7F3B2C42C1A1E680016891F /* Multimedia.swift */,
			);
			path = Models;
			sourceTree = "<group>";
		};
		A7F3B2C62C1A1FEA0016891F /* WebAPI */ = {
			isa = PBXGroup;
			children = (
				A7F3B2C02C1A1E150016891F /* ArticlesResponse.swift */,
				A708BC442C1B5E23007121CF /* WebAPIService.swift */,
			);
			path = WebAPI;
			sourceTree = "<group>";
		};
		A7F3B2C72C1A21980016891F /* Home */ = {
			isa = PBXGroup;
			children = (
				A7F3B2862C0FBC0A0016891F /* HomeViewController.swift */,
				A7F3B2CC2C1A24250016891F /* HomeTableViewCell.swift */,
			);
			path = Home;
			sourceTree = "<group>";
		};
		A7F3B2C82C1A21A00016891F /* Article */ = {
			isa = PBXGroup;
			children = (
				A7F3B2CE2C1A29EB0016891F /* ArticleViewController.swift */,
			);
			path = Article;
			sourceTree = "<group>";
		};
		A7F3B2C92C1A22890016891F /* ViewModels */ = {
			isa = PBXGroup;
			children = (
				A7F3B2CA2C1A22980016891F /* HomeViewModel.swift */,
				A7F3B2D02C1A2A160016891F /* ArticleViewModel.swift */,
			);
			path = ViewModels;
			sourceTree = "<group>";
		};
		A7F3B2D22C1A303D0016891F /* Components */ = {
			isa = PBXGroup;
			children = (
				A7F3B2D32C1A30570016891F /* RemoteImageView.swift */,
			);
			path = Components;
			sourceTree = "<group>";
		};
/* End PBXGroup section */

/* Begin PBXNativeTarget section */
		A7F3B27E2C0FBC0A0016891F /* DataFetcher */ = {
			isa = PBXNativeTarget;
			buildConfigurationList = A7F3B2A92C0FBC0D0016891F /* Build configuration list for PBXNativeTarget "DataFetcher" */;
			buildPhases = (
				A7F3B27B2C0FBC0A0016891F /* Sources */,
				A7F3B27C2C0FBC0A0016891F /* Frameworks */,
				A7F3B27D2C0FBC0A0016891F /* Resources */,
			);
			buildRules = (
			);
			dependencies = (
			);
			name = DataFetcher;
			productName = DataFetcher;
			productReference = A7F3B27F2C0FBC0A0016891F /* DataFetcher.app */;
			productType = "com.apple.product-type.application";
		};
		A7F3B2942C0FBC0D0016891F /* DataFetcherTests */ = {
			isa = PBXNativeTarget;
			buildConfigurationList = A7F3B2AC2C0FBC0D0016891F /* Build configuration list for PBXNativeTarget "DataFetcherTests" */;
			buildPhases = (
				A7F3B2912C0FBC0D0016891F /* Sources */,
				A7F3B2922C0FBC0D0016891F /* Frameworks */,
				A7F3B2932C0FBC0D0016891F /* Resources */,
			);
			buildRules = (
			);
			dependencies = (
				A7F3B2972C0FBC0D0016891F /* PBXTargetDependency */,
			);
			name = DataFetcherTests;
			productName = DataFetcherTests;
			productReference = A7F3B2952C0FBC0D0016891F /* DataFetcherTests.xctest */;
			productType = "com.apple.product-type.bundle.unit-test";
		};
		A7F3B29E2C0FBC0D0016891F /* DataFetcherUITests */ = {
			isa = PBXNativeTarget;
			buildConfigurationList = A7F3B2AF2C0FBC0D0016891F /* Build configuration list for PBXNativeTarget "DataFetcherUITests" */;
			buildPhases = (
				A7F3B29B2C0FBC0D0016891F /* Sources */,
				A7F3B29C2C0FBC0D0016891F /* Frameworks */,
				A7F3B29D2C0FBC0D0016891F /* Resources */,
			);
			buildRules = (
			);
			dependencies = (
				A7F3B2A12C0FBC0D0016891F /* PBXTargetDependency */,
			);
			name = DataFetcherUITests;
			productName = DataFetcherUITests;
			productReference = A7F3B29F2C0FBC0D0016891F /* DataFetcherUITests.xctest */;
			productType = "com.apple.product-type.bundle.ui-testing";
		};
/* End PBXNativeTarget section */

/* Begin PBXProject section */
		A7F3B2772C0FBC0A0016891F /* Project object */ = {
			isa = PBXProject;
			attributes = {
				BuildIndependentTargetsInParallel = 1;
				LastSwiftUpdateCheck = 1500;
				LastUpgradeCheck = 1500;
				TargetAttributes = {
					A7F3B27E2C0FBC0A0016891F = {
						CreatedOnToolsVersion = 15.0.1;
					};
					A7F3B2942C0FBC0D0016891F = {
						CreatedOnToolsVersion = 15.0.1;
						TestTargetID = A7F3B27E2C0FBC0A0016891F;
					};
					A7F3B29E2C0FBC0D0016891F = {
						CreatedOnToolsVersion = 15.0.1;
						TestTargetID = A7F3B27E2C0FBC0A0016891F;
					};
				};
			};
			buildConfigurationList = A7F3B27A2C0FBC0A0016891F /* Build configuration list for PBXProject "DataFetcher" */;
			compatibilityVersion = "Xcode 14.0";
			developmentRegion = en;
			hasScannedForEncodings = 0;
			knownRegions = (
				en,
				Base,
			);
			mainGroup = A7F3B2762C0FBC0A0016891F;
			productRefGroup = A7F3B2802C0FBC0A0016891F /* Products */;
			projectDirPath = "";
			projectRoot = "";
			targets = (
				A7F3B27E2C0FBC0A0016891F /* DataFetcher */,
				A7F3B2942C0FBC0D0016891F /* DataFetcherTests */,
				A7F3B29E2C0FBC0D0016891F /* DataFetcherUITests */,
			);
		};
/* End PBXProject section */

/* Begin PBXResourcesBuildPhase section */
		A7F3B27D2C0FBC0A0016891F /* Resources */ = {
			isa = PBXResourcesBuildPhase;
			buildActionMask = 2147483647;
			files = (
				A7F3B28F2C0FBC0D0016891F /* LaunchScreen.storyboard in Resources */,
				A7F3B28C2C0FBC0D0016891F /* Assets.xcassets in Resources */,
			);
			runOnlyForDeploymentPostprocessing = 0;
		};
		A7F3B2932C0FBC0D0016891F /* Resources */ = {
			isa = PBXResourcesBuildPhase;
			buildActionMask = 2147483647;
			files = (
			);
			runOnlyForDeploymentPostprocessing = 0;
		};
		A7F3B29D2C0FBC0D0016891F /* Resources */ = {
			isa = PBXResourcesBuildPhase;
			buildActionMask = 2147483647;
			files = (
			);
			runOnlyForDeploymentPostprocessing = 0;
		};
/* End PBXResourcesBuildPhase section */

/* Begin PBXSourcesBuildPhase section */
		A7F3B27B2C0FBC0A0016891F /* Sources */ = {
			isa = PBXSourcesBuildPhase;
			buildActionMask = 2147483647;
			files = (
				A7F3B2C52C1A1E680016891F /* Multimedia.swift in Sources */,
				A7F3B2CF2C1A29EB0016891F /* ArticleViewController.swift in Sources */,
				A7F3B2BB2C1A16C30016891F /* Article.swift in Sources */,
				A7F3B2CB2C1A22980016891F /* HomeViewModel.swift in Sources */,
				A7F3B2D92C1ACDE20016891F /* AlertService.swift in Sources */,
				A7F3B2872C0FBC0A0016891F /* HomeViewController.swift in Sources */,
				A7F3B2D42C1A30570016891F /* RemoteImageView.swift in Sources */,
				A708BC452C1B5E23007121CF /* WebAPIService.swift in Sources */,
				A7F3B2CD2C1A24250016891F /* HomeTableViewCell.swift in Sources */,
				A7F3B2832C0FBC0A0016891F /* AppDelegate.swift in Sources */,
				A708BC4F2C1B6C8F007121CF /* NetworkService.swift in Sources */,
				A708BC432C1AE54C007121CF /* ConnectivityService.swift in Sources */,
				A7F3B2852C0FBC0A0016891F /* SceneDelegate.swift in Sources */,
				A7F3B2BD2C1A18180016891F /* EnvironmentService.swift in Sources */,
				A7F3B2D12C1A2A160016891F /* ArticleViewModel.swift in Sources */,
				A7F3B2C12C1A1E150016891F /* ArticlesResponse.swift in Sources */,
			);
			runOnlyForDeploymentPostprocessing = 0;
		};
		A7F3B2912C0FBC0D0016891F /* Sources */ = {
			isa = PBXSourcesBuildPhase;
			buildActionMask = 2147483647;
			files = (
				A71255D02C1B8B9000680789 /* NewsClientFake.swift in Sources */,
				A71255D72C1B90D600680789 /* ArticlesResponse+Mock.swift in Sources */,
				A71255CA2C1B888F00680789 /* NetworkClientFake.swift in Sources */,
				A71255CE2C1B8B4400680789 /* EnvironmentManagerFake.swift in Sources */,
				A71255C62C1B884100680789 /* ConnectivityManagerFake.swift in Sources */,
				A71255CC2C1B8ABB00680789 /* AlertManagerFake.swift in Sources */,
				A71255D92C1B918800680789 /* Article+Mock.swift in Sources */,
				A71255D42C1B8E4A00680789 /* NewsClientTests.swift in Sources */,
			);
			runOnlyForDeploymentPostprocessing = 0;
		};
		A7F3B29B2C0FBC0D0016891F /* Sources */ = {
			isa = PBXSourcesBuildPhase;
			buildActionMask = 2147483647;
			files = (
				A7F3B2A62C0FBC0D0016891F /* DataFetcherUITestsLaunchTests.swift in Sources */,
				A7F3B2A42C0FBC0D0016891F /* DataFetcherUITests.swift in Sources */,
			);
			runOnlyForDeploymentPostprocessing = 0;
		};
/* End PBXSourcesBuildPhase section */

/* Begin PBXTargetDependency section */
		A7F3B2972C0FBC0D0016891F /* PBXTargetDependency */ = {
			isa = PBXTargetDependency;
			target = A7F3B27E2C0FBC0A0016891F /* DataFetcher */;
			targetProxy = A7F3B2962C0FBC0D0016891F /* PBXContainerItemProxy */;
		};
		A7F3B2A12C0FBC0D0016891F /* PBXTargetDependency */ = {
			isa = PBXTargetDependency;
			target = A7F3B27E2C0FBC0A0016891F /* DataFetcher */;
			targetProxy = A7F3B2A02C0FBC0D0016891F /* PBXContainerItemProxy */;
		};
/* End PBXTargetDependency section */

/* Begin PBXVariantGroup section */
		A7F3B28D2C0FBC0D0016891F /* LaunchScreen.storyboard */ = {
			isa = PBXVariantGroup;
			children = (
				A7F3B28E2C0FBC0D0016891F /* Base */,
			);
			name = LaunchScreen.storyboard;
			sourceTree = "<group>";
		};
/* End PBXVariantGroup section */

/* Begin XCBuildConfiguration section */
		A7F3B2A72C0FBC0D0016891F /* Debug */ = {
			isa = XCBuildConfiguration;
			baseConfigurationReference = A7F3B2B22C1A0C420016891F /* Config.xcconfig */;
			buildSettings = {
				ALWAYS_SEARCH_USER_PATHS = NO;
				ASSETCATALOG_COMPILER_GENERATE_SWIFT_ASSET_SYMBOL_EXTENSIONS = YES;
				CLANG_ANALYZER_NONNULL = YES;
				CLANG_ANALYZER_NUMBER_OBJECT_CONVERSION = YES_AGGRESSIVE;
				CLANG_CXX_LANGUAGE_STANDARD = "gnu++20";
				CLANG_ENABLE_MODULES = YES;
				CLANG_ENABLE_OBJC_ARC = YES;
				CLANG_ENABLE_OBJC_WEAK = YES;
				CLANG_WARN_BLOCK_CAPTURE_AUTORELEASING = YES;
				CLANG_WARN_BOOL_CONVERSION = YES;
				CLANG_WARN_COMMA = YES;
				CLANG_WARN_CONSTANT_CONVERSION = YES;
				CLANG_WARN_DEPRECATED_OBJC_IMPLEMENTATIONS = YES;
				CLANG_WARN_DIRECT_OBJC_ISA_USAGE = YES_ERROR;
				CLANG_WARN_DOCUMENTATION_COMMENTS = YES;
				CLANG_WARN_EMPTY_BODY = YES;
				CLANG_WARN_ENUM_CONVERSION = YES;
				CLANG_WARN_INFINITE_RECURSION = YES;
				CLANG_WARN_INT_CONVERSION = YES;
				CLANG_WARN_NON_LITERAL_NULL_CONVERSION = YES;
				CLANG_WARN_OBJC_IMPLICIT_RETAIN_SELF = YES;
				CLANG_WARN_OBJC_LITERAL_CONVERSION = YES;
				CLANG_WARN_OBJC_ROOT_CLASS = YES_ERROR;
				CLANG_WARN_QUOTED_INCLUDE_IN_FRAMEWORK_HEADER = YES;
				CLANG_WARN_RANGE_LOOP_ANALYSIS = YES;
				CLANG_WARN_STRICT_PROTOTYPES = YES;
				CLANG_WARN_SUSPICIOUS_MOVE = YES;
				CLANG_WARN_UNGUARDED_AVAILABILITY = YES_AGGRESSIVE;
				CLANG_WARN_UNREACHABLE_CODE = YES;
				CLANG_WARN__DUPLICATE_METHOD_MATCH = YES;
				COPY_PHASE_STRIP = NO;
				DEBUG_INFORMATION_FORMAT = dwarf;
				ENABLE_STRICT_OBJC_MSGSEND = YES;
				ENABLE_TESTABILITY = YES;
				ENABLE_USER_SCRIPT_SANDBOXING = YES;
				GCC_C_LANGUAGE_STANDARD = gnu17;
				GCC_DYNAMIC_NO_PIC = NO;
				GCC_NO_COMMON_BLOCKS = YES;
				GCC_OPTIMIZATION_LEVEL = 0;
				GCC_PREPROCESSOR_DEFINITIONS = (
					"DEBUG=1",
					"$(inherited)",
				);
				GCC_WARN_64_TO_32_BIT_CONVERSION = YES;
				GCC_WARN_ABOUT_RETURN_TYPE = YES_ERROR;
				GCC_WARN_UNDECLARED_SELECTOR = YES;
				GCC_WARN_UNINITIALIZED_AUTOS = YES_AGGRESSIVE;
				GCC_WARN_UNUSED_FUNCTION = YES;
				GCC_WARN_UNUSED_VARIABLE = YES;
				IPHONEOS_DEPLOYMENT_TARGET = 17.0;
				LOCALIZATION_PREFERS_STRING_CATALOGS = YES;
				MTL_ENABLE_DEBUG_INFO = INCLUDE_SOURCE;
				MTL_FAST_MATH = YES;
				ONLY_ACTIVE_ARCH = YES;
				SDKROOT = iphoneos;
				SWIFT_ACTIVE_COMPILATION_CONDITIONS = "DEBUG $(inherited)";
				SWIFT_OPTIMIZATION_LEVEL = "-Onone";
			};
			name = Debug;
		};
		A7F3B2A82C0FBC0D0016891F /* Release */ = {
			isa = XCBuildConfiguration;
			baseConfigurationReference = A7F3B2B22C1A0C420016891F /* Config.xcconfig */;
			buildSettings = {
				ALWAYS_SEARCH_USER_PATHS = NO;
				ASSETCATALOG_COMPILER_GENERATE_SWIFT_ASSET_SYMBOL_EXTENSIONS = YES;
				CLANG_ANALYZER_NONNULL = YES;
				CLANG_ANALYZER_NUMBER_OBJECT_CONVERSION = YES_AGGRESSIVE;
				CLANG_CXX_LANGUAGE_STANDARD = "gnu++20";
				CLANG_ENABLE_MODULES = YES;
				CLANG_ENABLE_OBJC_ARC = YES;
				CLANG_ENABLE_OBJC_WEAK = YES;
				CLANG_WARN_BLOCK_CAPTURE_AUTORELEASING = YES;
				CLANG_WARN_BOOL_CONVERSION = YES;
				CLANG_WARN_COMMA = YES;
				CLANG_WARN_CONSTANT_CONVERSION = YES;
				CLANG_WARN_DEPRECATED_OBJC_IMPLEMENTATIONS = YES;
				CLANG_WARN_DIRECT_OBJC_ISA_USAGE = YES_ERROR;
				CLANG_WARN_DOCUMENTATION_COMMENTS = YES;
				CLANG_WARN_EMPTY_BODY = YES;
				CLANG_WARN_ENUM_CONVERSION = YES;
				CLANG_WARN_INFINITE_RECURSION = YES;
				CLANG_WARN_INT_CONVERSION = YES;
				CLANG_WARN_NON_LITERAL_NULL_CONVERSION = YES;
				CLANG_WARN_OBJC_IMPLICIT_RETAIN_SELF = YES;
				CLANG_WARN_OBJC_LITERAL_CONVERSION = YES;
				CLANG_WARN_OBJC_ROOT_CLASS = YES_ERROR;
				CLANG_WARN_QUOTED_INCLUDE_IN_FRAMEWORK_HEADER = YES;
				CLANG_WARN_RANGE_LOOP_ANALYSIS = YES;
				CLANG_WARN_STRICT_PROTOTYPES = YES;
				CLANG_WARN_SUSPICIOUS_MOVE = YES;
				CLANG_WARN_UNGUARDED_AVAILABILITY = YES_AGGRESSIVE;
				CLANG_WARN_UNREACHABLE_CODE = YES;
				CLANG_WARN__DUPLICATE_METHOD_MATCH = YES;
				COPY_PHASE_STRIP = NO;
				DEBUG_INFORMATION_FORMAT = "dwarf-with-dsym";
				ENABLE_NS_ASSERTIONS = NO;
				ENABLE_STRICT_OBJC_MSGSEND = YES;
				ENABLE_USER_SCRIPT_SANDBOXING = YES;
				GCC_C_LANGUAGE_STANDARD = gnu17;
				GCC_NO_COMMON_BLOCKS = YES;
				GCC_WARN_64_TO_32_BIT_CONVERSION = YES;
				GCC_WARN_ABOUT_RETURN_TYPE = YES_ERROR;
				GCC_WARN_UNDECLARED_SELECTOR = YES;
				GCC_WARN_UNINITIALIZED_AUTOS = YES_AGGRESSIVE;
				GCC_WARN_UNUSED_FUNCTION = YES;
				GCC_WARN_UNUSED_VARIABLE = YES;
				IPHONEOS_DEPLOYMENT_TARGET = 17.0;
				LOCALIZATION_PREFERS_STRING_CATALOGS = YES;
				MTL_ENABLE_DEBUG_INFO = NO;
				MTL_FAST_MATH = YES;
				SDKROOT = iphoneos;
				SWIFT_COMPILATION_MODE = wholemodule;
				VALIDATE_PRODUCT = YES;
			};
			name = Release;
		};
		A7F3B2AA2C0FBC0D0016891F /* Debug */ = {
			isa = XCBuildConfiguration;
			buildSettings = {
				ASSETCATALOG_COMPILER_APPICON_NAME = AppIcon;
				ASSETCATALOG_COMPILER_GLOBAL_ACCENT_COLOR_NAME = AccentColor;
				CODE_SIGN_STYLE = Automatic;
				CURRENT_PROJECT_VERSION = 1;
				DEVELOPMENT_TEAM = 6GVN9KUQ4D;
				GENERATE_INFOPLIST_FILE = YES;
				INFOPLIST_FILE = DataFetcher/Info.plist;
				INFOPLIST_KEY_UIApplicationSupportsIndirectInputEvents = YES;
				INFOPLIST_KEY_UILaunchStoryboardName = LaunchScreen;
				INFOPLIST_KEY_UISupportedInterfaceOrientations_iPad = "UIInterfaceOrientationPortrait UIInterfaceOrientationPortraitUpsideDown UIInterfaceOrientationLandscapeLeft UIInterfaceOrientationLandscapeRight";
				INFOPLIST_KEY_UISupportedInterfaceOrientations_iPhone = "UIInterfaceOrientationPortrait UIInterfaceOrientationLandscapeLeft UIInterfaceOrientationLandscapeRight";
				LD_RUNPATH_SEARCH_PATHS = (
					"$(inherited)",
					"@executable_path/Frameworks",
				);
				MARKETING_VERSION = 1.0;
				PRODUCT_BUNDLE_IDENTIFIER = gustaf.DataFetcher;
				PRODUCT_NAME = "$(TARGET_NAME)";
				SWIFT_EMIT_LOC_STRINGS = YES;
				SWIFT_VERSION = 5.0;
				TARGETED_DEVICE_FAMILY = "1,2";
			};
			name = Debug;
		};
		A7F3B2AB2C0FBC0D0016891F /* Release */ = {
			isa = XCBuildConfiguration;
			buildSettings = {
				ASSETCATALOG_COMPILER_APPICON_NAME = AppIcon;
				ASSETCATALOG_COMPILER_GLOBAL_ACCENT_COLOR_NAME = AccentColor;
				CODE_SIGN_STYLE = Automatic;
				CURRENT_PROJECT_VERSION = 1;
				DEVELOPMENT_TEAM = 6GVN9KUQ4D;
				GENERATE_INFOPLIST_FILE = YES;
				INFOPLIST_FILE = DataFetcher/Info.plist;
				INFOPLIST_KEY_UIApplicationSupportsIndirectInputEvents = YES;
				INFOPLIST_KEY_UILaunchStoryboardName = LaunchScreen;
				INFOPLIST_KEY_UISupportedInterfaceOrientations_iPad = "UIInterfaceOrientationPortrait UIInterfaceOrientationPortraitUpsideDown UIInterfaceOrientationLandscapeLeft UIInterfaceOrientationLandscapeRight";
				INFOPLIST_KEY_UISupportedInterfaceOrientations_iPhone = "UIInterfaceOrientationPortrait UIInterfaceOrientationLandscapeLeft UIInterfaceOrientationLandscapeRight";
				LD_RUNPATH_SEARCH_PATHS = (
					"$(inherited)",
					"@executable_path/Frameworks",
				);
				MARKETING_VERSION = 1.0;
				PRODUCT_BUNDLE_IDENTIFIER = gustaf.DataFetcher;
				PRODUCT_NAME = "$(TARGET_NAME)";
				SWIFT_EMIT_LOC_STRINGS = YES;
				SWIFT_VERSION = 5.0;
				TARGETED_DEVICE_FAMILY = "1,2";
			};
			name = Release;
		};
		A7F3B2AD2C0FBC0D0016891F /* Debug */ = {
			isa = XCBuildConfiguration;
			buildSettings = {
				ALWAYS_EMBED_SWIFT_STANDARD_LIBRARIES = YES;
				BUNDLE_LOADER = "$(TEST_HOST)";
				CODE_SIGN_STYLE = Automatic;
				CURRENT_PROJECT_VERSION = 1;
				DEVELOPMENT_TEAM = 6GVN9KUQ4D;
				GENERATE_INFOPLIST_FILE = YES;
				IPHONEOS_DEPLOYMENT_TARGET = 17.0;
				MARKETING_VERSION = 1.0;
				PRODUCT_BUNDLE_IDENTIFIER = gustaf.DataFetcherTests;
				PRODUCT_NAME = "$(TARGET_NAME)";
				SWIFT_EMIT_LOC_STRINGS = NO;
				SWIFT_VERSION = 5.0;
				TARGETED_DEVICE_FAMILY = "1,2";
				TEST_HOST = "$(BUILT_PRODUCTS_DIR)/DataFetcher.app/$(BUNDLE_EXECUTABLE_FOLDER_PATH)/DataFetcher";
			};
			name = Debug;
		};
		A7F3B2AE2C0FBC0D0016891F /* Release */ = {
			isa = XCBuildConfiguration;
			buildSettings = {
				ALWAYS_EMBED_SWIFT_STANDARD_LIBRARIES = YES;
				BUNDLE_LOADER = "$(TEST_HOST)";
				CODE_SIGN_STYLE = Automatic;
				CURRENT_PROJECT_VERSION = 1;
				DEVELOPMENT_TEAM = 6GVN9KUQ4D;
				GENERATE_INFOPLIST_FILE = YES;
				IPHONEOS_DEPLOYMENT_TARGET = 17.0;
				MARKETING_VERSION = 1.0;
				PRODUCT_BUNDLE_IDENTIFIER = gustaf.DataFetcherTests;
				PRODUCT_NAME = "$(TARGET_NAME)";
				SWIFT_EMIT_LOC_STRINGS = NO;
				SWIFT_VERSION = 5.0;
				TARGETED_DEVICE_FAMILY = "1,2";
				TEST_HOST = "$(BUILT_PRODUCTS_DIR)/DataFetcher.app/$(BUNDLE_EXECUTABLE_FOLDER_PATH)/DataFetcher";
			};
			name = Release;
		};
		A7F3B2B02C0FBC0D0016891F /* Debug */ = {
			isa = XCBuildConfiguration;
			buildSettings = {
				ALWAYS_EMBED_SWIFT_STANDARD_LIBRARIES = YES;
				CODE_SIGN_STYLE = Automatic;
				CURRENT_PROJECT_VERSION = 1;
				DEVELOPMENT_TEAM = 6GVN9KUQ4D;
				GENERATE_INFOPLIST_FILE = YES;
				MARKETING_VERSION = 1.0;
				PRODUCT_BUNDLE_IDENTIFIER = gustaf.DataFetcherUITests;
				PRODUCT_NAME = "$(TARGET_NAME)";
				SWIFT_EMIT_LOC_STRINGS = NO;
				SWIFT_VERSION = 5.0;
				TARGETED_DEVICE_FAMILY = "1,2";
				TEST_TARGET_NAME = DataFetcher;
			};
			name = Debug;
		};
		A7F3B2B12C0FBC0D0016891F /* Release */ = {
			isa = XCBuildConfiguration;
			buildSettings = {
				ALWAYS_EMBED_SWIFT_STANDARD_LIBRARIES = YES;
				CODE_SIGN_STYLE = Automatic;
				CURRENT_PROJECT_VERSION = 1;
				DEVELOPMENT_TEAM = 6GVN9KUQ4D;
				GENERATE_INFOPLIST_FILE = YES;
				MARKETING_VERSION = 1.0;
				PRODUCT_BUNDLE_IDENTIFIER = gustaf.DataFetcherUITests;
				PRODUCT_NAME = "$(TARGET_NAME)";
				SWIFT_EMIT_LOC_STRINGS = NO;
				SWIFT_VERSION = 5.0;
				TARGETED_DEVICE_FAMILY = "1,2";
				TEST_TARGET_NAME = DataFetcher;
			};
			name = Release;
		};
/* End XCBuildConfiguration section */

/* Begin XCConfigurationList section */
		A7F3B27A2C0FBC0A0016891F /* Build configuration list for PBXProject "DataFetcher" */ = {
			isa = XCConfigurationList;
			buildConfigurations = (
				A7F3B2A72C0FBC0D0016891F /* Debug */,
				A7F3B2A82C0FBC0D0016891F /* Release */,
			);
			defaultConfigurationIsVisible = 0;
			defaultConfigurationName = Release;
		};
		A7F3B2A92C0FBC0D0016891F /* Build configuration list for PBXNativeTarget "DataFetcher" */ = {
			isa = XCConfigurationList;
			buildConfigurations = (
				A7F3B2AA2C0FBC0D0016891F /* Debug */,
				A7F3B2AB2C0FBC0D0016891F /* Release */,
			);
			defaultConfigurationIsVisible = 0;
			defaultConfigurationName = Release;
		};
		A7F3B2AC2C0FBC0D0016891F /* Build configuration list for PBXNativeTarget "DataFetcherTests" */ = {
			isa = XCConfigurationList;
			buildConfigurations = (
				A7F3B2AD2C0FBC0D0016891F /* Debug */,
				A7F3B2AE2C0FBC0D0016891F /* Release */,
			);
			defaultConfigurationIsVisible = 0;
			defaultConfigurationName = Release;
		};
		A7F3B2AF2C0FBC0D0016891F /* Build configuration list for PBXNativeTarget "DataFetcherUITests" */ = {
			isa = XCConfigurationList;
			buildConfigurations = (
				A7F3B2B02C0FBC0D0016891F /* Debug */,
				A7F3B2B12C0FBC0D0016891F /* Release */,
			);
			defaultConfigurationIsVisible = 0;
			defaultConfigurationName = Release;
		};
/* End XCConfigurationList section */
	};
	rootObject = A7F3B2772C0FBC0A0016891F /* Project object */;
}
