// !$*UTF8*$!
{
	archiveVersion = 1;
	classes = {
	};
	objectVersion = 56;
	objects = {

/* Begin PBXBuildFile section */
		A7F3B2832C0FBC0A0016891F /* AppDelegate.swift in Sources */ = {isa = PBXBuildFile; fileRef = A7F3B2822C0FBC0A0016891F /* AppDelegate.swift */; };
		A7F3B2852C0FBC0A0016891F /* SceneDelegate.swift in Sources */ = {isa = PBXBuildFile; fileRef = A7F3B2842C0FBC0A0016891F /* SceneDelegate.swift */; };
		A7F3B2872C0FBC0A0016891F /* ViewController.swift in Sources */ = {isa = PBXBuildFile; fileRef = A7F3B2862C0FBC0A0016891F /* ViewController.swift */; };
		A7F3B28A2C0FBC0B0016891F /* Main.storyboard in Resources */ = {isa = PBXBuildFile; fileRef = A7F3B2882C0FBC0B0016891F /* Main.storyboard */; };
		A7F3B28C2C0FBC0D0016891F /* Assets.xcassets in Resources */ = {isa = PBXBuildFile; fileRef = A7F3B28B2C0FBC0D0016891F /* Assets.xcassets */; };
		A7F3B28F2C0FBC0D0016891F /* LaunchScreen.storyboard in Resources */ = {isa = PBXBuildFile; fileRef = A7F3B28D2C0FBC0D0016891F /* LaunchScreen.storyboard */; };
		A7F3B29A2C0FBC0D0016891F /* DataFetcherTests.swift in Sources */ = {isa = PBXBuildFile; fileRef = A7F3B2992C0FBC0D0016891F /* DataFetcherTests.swift */; };
		A7F3B2A42C0FBC0D0016891F /* DataFetcherUITests.swift in Sources */ = {isa = PBXBuildFile; fileRef = A7F3B2A32C0FBC0D0016891F /* DataFetcherUITests.swift */; };
		A7F3B2A62C0FBC0D0016891F /* DataFetcherUITestsLaunchTests.swift in Sources */ = {isa = PBXBuildFile; fileRef = A7F3B2A52C0FBC0D0016891F /* DataFetcherUITestsLaunchTests.swift */; };
/* End PBXBuildFile section */

/* Begin PBXContainerItemProxy section */
		A7F3B2962C0FBC0D0016891F /* PBXContainerItemProxy */ = {
			isa = PBXContainerItemProxy;
			containerPortal = A7F3B2772C0FBC0A0016891F /* Project object */;
			proxyType = 1;
			remoteGlobalIDString = A7F3B27E2C0FBC0A0016891F;
			remoteInfo = DataFetcher;
		};
		A7F3B2A02C0FBC0D0016891F /* PBXContainerItemProxy */ = {
			isa = PBXContainerItemProxy;
			containerPortal = A7F3B2772C0FBC0A0016891F /* Project object */;
			proxyType = 1;
			remoteGlobalIDString = A7F3B27E2C0FBC0A0016891F;
			remoteInfo = DataFetcher;
		};
/* End PBXContainerItemProxy section */

/* Begin PBXFileReference section */
		A7F3B27F2C0FBC0A0016891F /* DataFetcher.app */ = {isa = PBXFileReference; explicitFileType = wrapper.application; includeInIndex = 0; path = DataFetcher.app; sourceTree = BUILT_PRODUCTS_DIR; };
		A7F3B2822C0FBC0A0016891F /* AppDelegate.swift */ = {isa = PBXFileReference; lastKnownFileType = sourcecode.swift; path = AppDelegate.swift; sourceTree = "<group>"; };
		A7F3B2842C0FBC0A0016891F /* SceneDelegate.swift */ = {isa = PBXFileReference; lastKnownFileType = sourcecode.swift; path = SceneDelegate.swift; sourceTree = "<group>"; };
		A7F3B2862C0FBC0A0016891F /* ViewController.swift */ = {isa = PBXFileReference; lastKnownFileType = sourcecode.swift; path = ViewController.swift; sourceTree = "<group>"; };
		A7F3B2892C0FBC0B0016891F /* Base */ = {isa = PBXFileReference; lastKnownFileType = file.storyboard; name = Base; path = Base.lproj/Main.storyboard; sourceTree = "<group>"; };
		A7F3B28B2C0FBC0D0016891F /* Assets.xcassets */ = {isa = PBXFileReference; lastKnownFileType = folder.assetcatalog; path = Assets.xcassets; sourceTree = "<group>"; };
		A7F3B28E2C0FBC0D0016891F /* Base */ = {isa = PBXFileReference; lastKnownFileType = file.storyboard; name = Base; path = Base.lproj/LaunchScreen.storyboard; sourceTree = "<group>"; };
		A7F3B2902C0FBC0D0016891F /* Info.plist */ = {isa = PBXFileReference; lastKnownFileType = text.plist.xml; path = Info.plist; sourceTree = "<group>"; };
		A7F3B2952C0FBC0D0016891F /* DataFetcherTests.xctest */ = {isa = PBXFileReference; explicitFileType = wrapper.cfbundle; includeInIndex = 0; path = DataFetcherTests.xctest; sourceTree = BUILT_PRODUCTS_DIR; };
		A7F3B2992C0FBC0D0016891F /* DataFetcherTests.swift */ = {isa = PBXFileReference; lastKnownFileType = sourcecode.swift; path = DataFetcherTests.swift; sourceTree = "<group>"; };
		A7F3B29F2C0FBC0D0016891F /* DataFetcherUITests.xctest */ = {isa = PBXFileReference; explicitFileType = wrapper.cfbundle; includeInIndex = 0; path = DataFetcherUITests.xctest; sourceTree = BUILT_PRODUCTS_DIR; };
		A7F3B2A32C0FBC0D0016891F /* DataFetcherUITests.swift */ = {isa = PBXFileReference; lastKnownFileType = sourcecode.swift; path = DataFetcherUITests.swift; sourceTree = "<group>"; };
		A7F3B2A52C0FBC0D0016891F /* DataFetcherUITestsLaunchTests.swift */ = {isa = PBXFileReference; lastKnownFileType = sourcecode.swift; path = DataFetcherUITestsLaunchTests.swift; sourceTree = "<group>"; };
/* End PBXFileReference section */

/* Begin PBXFrameworksBuildPhase section */
		A7F3B27C2C0FBC0A0016891F /* Frameworks */ = {
			isa = PBXFrameworksBuildPhase;
			buildActionMask = 2147483647;
			files = (
			);
			runOnlyForDeploymentPostprocessing = 0;
		};
		A7F3B2922C0FBC0D0016891F /* Frameworks */ = {
			isa = PBXFrameworksBuildPhase;
			buildActionMask = 2147483647;
			files = (
			);
			runOnlyForDeploymentPostprocessing = 0;
		};
		A7F3B29C2C0FBC0D0016891F /* Frameworks */ = {
			isa = PBXFrameworksBuildPhase;
			buildActionMask = 2147483647;
			files = (
			);
			runOnlyForDeploymentPostprocessing = 0;
		};
/* End PBXFrameworksBuildPhase section */

/* Begin PBXGroup section */
		A7F3B2762C0FBC0A0016891F = {
			isa = PBXGroup;
			children = (
				A7F3B2812C0FBC0A0016891F /* DataFetcher */,
				A7F3B2982C0FBC0D0016891F /* DataFetcherTests */,
				A7F3B2A22C0FBC0D0016891F /* DataFetcherUITests */,
				A7F3B2802C0FBC0A0016891F /* Products */,
			);
			sourceTree = "<group>";
		};
		A7F3B2802C0FBC0A0016891F /* Products */ = {
			isa = PBXGroup;
			children = (
				A7F3B27F2C0FBC0A0016891F /* DataFetcher.app */,
				A7F3B2952C0FBC0D0016891F /* DataFetcherTests.xctest */,
				A7F3B29F2C0FBC0D0016891F /* DataFetcherUITests.xctest */,
			);
			name = Products;
			sourceTree = "<group>";
		};
		A7F3B2812C0FBC0A0016891F /* DataFetcher */ = {
			isa = PBXGroup;
			children = (
				A7F3B2822C0FBC0A0016891F /* AppDelegate.swift */,
				A7F3B2842C0FBC0A0016891F /* SceneDelegate.swift */,
				A7F3B2862C0FBC0A0016891F /* ViewController.swift */,
				A7F3B2882C0FBC0B0016891F /* Main.storyboard */,
				A7F3B28B2C0FBC0D0016891F /* Assets.xcassets */,
				A7F3B28D2C0FBC0D0016891F /* LaunchScreen.storyboard */,
				A7F3B2902C0FBC0D0016891F /* Info.plist */,
			);
			path = DataFetcher;
			sourceTree = "<group>";
		};
		A7F3B2982C0FBC0D0016891F /* DataFetcherTests */ = {
			isa = PBXGroup;
			children = (
				A7F3B2992C0FBC0D0016891F /* DataFetcherTests.swift */,
			);
			path = DataFetcherTests;
			sourceTree = "<group>";
		};
		A7F3B2A22C0FBC0D0016891F /* DataFetcherUITests */ = {
			isa = PBXGroup;
			children = (
				A7F3B2A32C0FBC0D0016891F /* DataFetcherUITests.swift */,
				A7F3B2A52C0FBC0D0016891F /* DataFetcherUITestsLaunchTests.swift */,
			);
			path = DataFetcherUITests;
			sourceTree = "<group>";
		};
/* End PBXGroup section */

/* Begin PBXNativeTarget section */
		A7F3B27E2C0FBC0A0016891F /* DataFetcher */ = {
			isa = PBXNativeTarget;
			buildConfigurationList = A7F3B2A92C0FBC0D0016891F /* Build configuration list for PBXNativeTarget "DataFetcher" */;
			buildPhases = (
				A7F3B27B2C0FBC0A0016891F /* Sources */,
				A7F3B27C2C0FBC0A0016891F /* Frameworks */,
				A7F3B27D2C0FBC0A0016891F /* Resources */,
			);
			buildRules = (
			);
			dependencies = (
			);
			name = DataFetcher;
			productName = DataFetcher;
			productReference = A7F3B27F2C0FBC0A0016891F /* DataFetcher.app */;
			productType = "com.apple.product-type.application";
		};
		A7F3B2942C0FBC0D0016891F /* DataFetcherTests */ = {
			isa = PBXNativeTarget;
			buildConfigurationList = A7F3B2AC2C0FBC0D0016891F /* Build configuration list for PBXNativeTarget "DataFetcherTests" */;
			buildPhases = (
				A7F3B2912C0FBC0D0016891F /* Sources */,
				A7F3B2922C0FBC0D0016891F /* Frameworks */,
				A7F3B2932C0FBC0D0016891F /* Resources */,
			);
			buildRules = (
			);
			dependencies = (
				A7F3B2972C0FBC0D0016891F /* PBXTargetDependency */,
			);
			name = DataFetcherTests;
			productName = DataFetcherTests;
			productReference = A7F3B2952C0FBC0D0016891F /* DataFetcherTests.xctest */;
			productType = "com.apple.product-type.bundle.unit-test";
		};
		A7F3B29E2C0FBC0D0016891F /* DataFetcherUITests */ = {
			isa = PBXNativeTarget;
			buildConfigurationList = A7F3B2AF2C0FBC0D0016891F /* Build configuration list for PBXNativeTarget "DataFetcherUITests" */;
			buildPhases = (
				A7F3B29B2C0FBC0D0016891F /* Sources */,
				A7F3B29C2C0FBC0D0016891F /* Frameworks */,
				A7F3B29D2C0FBC0D0016891F /* Resources */,
			);
			buildRules = (
			);
			dependencies = (
				A7F3B2A12C0FBC0D0016891F /* PBXTargetDependency */,
			);
			name = DataFetcherUITests;
			productName = DataFetcherUITests;
			productReference = A7F3B29F2C0FBC0D0016891F /* DataFetcherUITests.xctest */;
			productType = "com.apple.product-type.bundle.ui-testing";
		};
/* End PBXNativeTarget section */

/* Begin PBXProject section */
		A7F3B2772C0FBC0A0016891F /* Project object */ = {
			isa = PBXProject;
			attributes = {
				BuildIndependentTargetsInParallel = 1;
				LastSwiftUpdateCheck = 1500;
				LastUpgradeCheck = 1500;
				TargetAttributes = {
					A7F3B27E2C0FBC0A0016891F = {
						CreatedOnToolsVersion = 15.0.1;
					};
					A7F3B2942C0FBC0D0016891F = {
						CreatedOnToolsVersion = 15.0.1;
						TestTargetID = A7F3B27E2C0FBC0A0016891F;
					};
					A7F3B29E2C0FBC0D0016891F = {
						CreatedOnToolsVersion = 15.0.1;
						TestTargetID = A7F3B27E2C0FBC0A0016891F;
					};
				};
			};
			buildConfigurationList = A7F3B27A2C0FBC0A0016891F /* Build configuration list for PBXProject "DataFetcher" */;
			compatibilityVersion = "Xcode 14.0";
			developmentRegion = en;
			hasScannedForEncodings = 0;
			knownRegions = (
				en,
				Base,
			);
			mainGroup = A7F3B2762C0FBC0A0016891F;
			productRefGroup = A7F3B2802C0FBC0A0016891F /* Products */;
			projectDirPath = "";
			projectRoot = "";
			targets = (
				A7F3B27E2C0FBC0A0016891F /* DataFetcher */,
				A7F3B2942C0FBC0D0016891F /* DataFetcherTests */,
				A7F3B29E2C0FBC0D0016891F /* DataFetcherUITests */,
			);
		};
/* End PBXProject section */

/* Begin PBXResourcesBuildPhase section */
		A7F3B27D2C0FBC0A0016891F /* Resources */ = {
			isa = PBXResourcesBuildPhase;
			buildActionMask = 2147483647;
			files = (
				A7F3B28F2C0FBC0D0016891F /* LaunchScreen.storyboard in Resources */,
				A7F3B28C2C0FBC0D0016891F /* Assets.xcassets in Resources */,
				A7F3B28A2C0FBC0B0016891F /* Main.storyboard in Resources */,
			);
			runOnlyForDeploymentPostprocessing = 0;
		};
		A7F3B2932C0FBC0D0016891F /* Resources */ = {
			isa = PBXResourcesBuildPhase;
			buildActionMask = 2147483647;
			files = (
			);
			runOnlyForDeploymentPostprocessing = 0;
		};
		A7F3B29D2C0FBC0D0016891F /* Resources */ = {
			isa = PBXResourcesBuildPhase;
			buildActionMask = 2147483647;
			files = (
			);
			runOnlyForDeploymentPostprocessing = 0;
		};
/* End PBXResourcesBuildPhase section */

/* Begin PBXSourcesBuildPhase section */
		A7F3B27B2C0FBC0A0016891F /* Sources */ = {
			isa = PBXSourcesBuildPhase;
			buildActionMask = 2147483647;
			files = (
				A7F3B2872C0FBC0A0016891F /* ViewController.swift in Sources */,
				A7F3B2832C0FBC0A0016891F /* AppDelegate.swift in Sources */,
				A7F3B2852C0FBC0A0016891F /* SceneDelegate.swift in Sources */,
			);
			runOnlyForDeploymentPostprocessing = 0;
		};
		A7F3B2912C0FBC0D0016891F /* Sources */ = {
			isa = PBXSourcesBuildPhase;
			buildActionMask = 2147483647;
			files = (
				A7F3B29A2C0FBC0D0016891F /* DataFetcherTests.swift in Sources */,
			);
			runOnlyForDeploymentPostprocessing = 0;
		};
		A7F3B29B2C0FBC0D0016891F /* Sources */ = {
			isa = PBXSourcesBuildPhase;
			buildActionMask = 2147483647;
			files = (
				A7F3B2A62C0FBC0D0016891F /* DataFetcherUITestsLaunchTests.swift in Sources */,
				A7F3B2A42C0FBC0D0016891F /* DataFetcherUITests.swift in Sources */,
			);
			runOnlyForDeploymentPostprocessing = 0;
		};
/* End PBXSourcesBuildPhase section */

/* Begin PBXTargetDependency section */
		A7F3B2972C0FBC0D0016891F /* PBXTargetDependency */ = {
			isa = PBXTargetDependency;
			target = A7F3B27E2C0FBC0A0016891F /* DataFetcher */;
			targetProxy = A7F3B2962C0FBC0D0016891F /* PBXContainerItemProxy */;
		};
		A7F3B2A12C0FBC0D0016891F /* PBXTargetDependency */ = {
			isa = PBXTargetDependency;
			target = A7F3B27E2C0FBC0A0016891F /* DataFetcher */;
			targetProxy = A7F3B2A02C0FBC0D0016891F /* PBXContainerItemProxy */;
		};
/* End PBXTargetDependency section */

/* Begin PBXVariantGroup section */
		A7F3B2882C0FBC0B0016891F /* Main.storyboard */ = {
			isa = PBXVariantGroup;
			children = (
				A7F3B2892C0FBC0B0016891F /* Base */,
			);
			name = Main.storyboard;
			sourceTree = "<group>";
		};
		A7F3B28D2C0FBC0D0016891F /* LaunchScreen.storyboard */ = {
			isa = PBXVariantGroup;
			children = (
				A7F3B28E2C0FBC0D0016891F /* Base */,
			);
			name = LaunchScreen.storyboard;
			sourceTree = "<group>";
		};
/* End PBXVariantGroup section */

/* Begin XCBuildConfiguration section */
		A7F3B2A72C0FBC0D0016891F /* Debug */ = {
			isa = XCBuildConfiguration;
			buildSettings = {
				ALWAYS_SEARCH_USER_PATHS = NO;
				ASSETCATALOG_COMPILER_GENERATE_SWIFT_ASSET_SYMBOL_EXTENSIONS = YES;
				CLANG_ANALYZER_NONNULL = YES;
				CLANG_ANALYZER_NUMBER_OBJECT_CONVERSION = YES_AGGRESSIVE;
				CLANG_CXX_LANGUAGE_STANDARD = "gnu++20";
				CLANG_ENABLE_MODULES = YES;
				CLANG_ENABLE_OBJC_ARC = YES;
				CLANG_ENABLE_OBJC_WEAK = YES;
				CLANG_WARN_BLOCK_CAPTURE_AUTORELEASING = YES;
				CLANG_WARN_BOOL_CONVERSION = YES;
				CLANG_WARN_COMMA = YES;
				CLANG_WARN_CONSTANT_CONVERSION = YES;
				CLANG_WARN_DEPRECATED_OBJC_IMPLEMENTATIONS = YES;
				CLANG_WARN_DIRECT_OBJC_ISA_USAGE = YES_ERROR;
				CLANG_WARN_DOCUMENTATION_COMMENTS = YES;
				CLANG_WARN_EMPTY_BODY = YES;
				CLANG_WARN_ENUM_CONVERSION = YES;
				CLANG_WARN_INFINITE_RECURSION = YES;
				CLANG_WARN_INT_CONVERSION = YES;
				CLANG_WARN_NON_LITERAL_NULL_CONVERSION = YES;
				CLANG_WARN_OBJC_IMPLICIT_RETAIN_SELF = YES;
				CLANG_WARN_OBJC_LITERAL_CONVERSION = YES;
				CLANG_WARN_OBJC_ROOT_CLASS = YES_ERROR;
				CLANG_WARN_QUOTED_INCLUDE_IN_FRAMEWORK_HEADER = YES;
				CLANG_WARN_RANGE_LOOP_ANALYSIS = YES;
				CLANG_WARN_STRICT_PROTOTYPES = YES;
				CLANG_WARN_SUSPICIOUS_MOVE = YES;
				CLANG_WARN_UNGUARDED_AVAILABILITY = YES_AGGRESSIVE;
				CLANG_WARN_UNREACHABLE_CODE = YES;
				CLANG_WARN__DUPLICATE_METHOD_MATCH = YES;
				COPY_PHASE_STRIP = NO;
				DEBUG_INFORMATION_FORMAT = dwarf;
				ENABLE_STRICT_OBJC_MSGSEND = YES;
				ENABLE_TESTABILITY = YES;
				ENABLE_USER_SCRIPT_SANDBOXING = YES;
				GCC_C_LANGUAGE_STANDARD = gnu17;
				GCC_DYNAMIC_NO_PIC = NO;
				GCC_NO_COMMON_BLOCKS = YES;
				GCC_OPTIMIZATION_LEVEL = 0;
				GCC_PREPROCESSOR_DEFINITIONS = (
					"DEBUG=1",
					"$(inherited)",
				);
				GCC_WARN_64_TO_32_BIT_CONVERSION = YES;
				GCC_WARN_ABOUT_RETURN_TYPE = YES_ERROR;
				GCC_WARN_UNDECLARED_SELECTOR = YES;
				GCC_WARN_UNINITIALIZED_AUTOS = YES_AGGRESSIVE;
				GCC_WARN_UNUSED_FUNCTION = YES;
				GCC_WARN_UNUSED_VARIABLE = YES;
				IPHONEOS_DEPLOYMENT_TARGET = 17.0;
				LOCALIZATION_PREFERS_STRING_CATALOGS = YES;
				MTL_ENABLE_DEBUG_INFO = INCLUDE_SOURCE;
				MTL_FAST_MATH = YES;
				ONLY_ACTIVE_ARCH = YES;
				SDKROOT = iphoneos;
				SWIFT_ACTIVE_COMPILATION_CONDITIONS = "DEBUG $(inherited)";
				SWIFT_OPTIMIZATION_LEVEL = "-Onone";
			};
			name = Debug;
		};
		A7F3B2A82C0FBC0D0016891F /* Release */ = {
			isa = XCBuildConfiguration;
			buildSettings = {
				ALWAYS_SEARCH_USER_PATHS = NO;
				ASSETCATALOG_COMPILER_GENERATE_SWIFT_ASSET_SYMBOL_EXTENSIONS = YES;
				CLANG_ANALYZER_NONNULL = YES;
				CLANG_ANALYZER_NUMBER_OBJECT_CONVERSION = YES_AGGRESSIVE;
				CLANG_CXX_LANGUAGE_STANDARD = "gnu++20";
				CLANG_ENABLE_MODULES = YES;
				CLANG_ENABLE_OBJC_ARC = YES;
				CLANG_ENABLE_OBJC_WEAK = YES;
				CLANG_WARN_BLOCK_CAPTURE_AUTORELEASING = YES;
				CLANG_WARN_BOOL_CONVERSION = YES;
				CLANG_WARN_COMMA = YES;
				CLANG_WARN_CONSTANT_CONVERSION = YES;
				CLANG_WARN_DEPRECATED_OBJC_IMPLEMENTATIONS = YES;
				CLANG_WARN_DIRECT_OBJC_ISA_USAGE = YES_ERROR;
				CLANG_WARN_DOCUMENTATION_COMMENTS = YES;
				CLANG_WARN_EMPTY_BODY = YES;
				CLANG_WARN_ENUM_CONVERSION = YES;
				CLANG_WARN_INFINITE_RECURSION = YES;
				CLANG_WARN_INT_CONVERSION = YES;
				CLANG_WARN_NON_LITERAL_NULL_CONVERSION = YES;
				CLANG_WARN_OBJC_IMPLICIT_RETAIN_SELF = YES;
				CLANG_WARN_OBJC_LITERAL_CONVERSION = YES;
				CLANG_WARN_OBJC_ROOT_CLASS = YES_ERROR;
				CLANG_WARN_QUOTED_INCLUDE_IN_FRAMEWORK_HEADER = YES;
				CLANG_WARN_RANGE_LOOP_ANALYSIS = YES;
				CLANG_WARN_STRICT_PROTOTYPES = YES;
				CLANG_WARN_SUSPICIOUS_MOVE = YES;
				CLANG_WARN_UNGUARDED_AVAILABILITY = YES_AGGRESSIVE;
				CLANG_WARN_UNREACHABLE_CODE = YES;
				CLANG_WARN__DUPLICATE_METHOD_MATCH = YES;
				COPY_PHASE_STRIP = NO;
				DEBUG_INFORMATION_FORMAT = "dwarf-with-dsym";
				ENABLE_NS_ASSERTIONS = NO;
				ENABLE_STRICT_OBJC_MSGSEND = YES;
				ENABLE_USER_SCRIPT_SANDBOXING = YES;
				GCC_C_LANGUAGE_STANDARD = gnu17;
				GCC_NO_COMMON_BLOCKS = YES;
				GCC_WARN_64_TO_32_BIT_CONVERSION = YES;
				GCC_WARN_ABOUT_RETURN_TYPE = YES_ERROR;
				GCC_WARN_UNDECLARED_SELECTOR = YES;
				GCC_WARN_UNINITIALIZED_AUTOS = YES_AGGRESSIVE;
				GCC_WARN_UNUSED_FUNCTION = YES;
				GCC_WARN_UNUSED_VARIABLE = YES;
				IPHONEOS_DEPLOYMENT_TARGET = 17.0;
				LOCALIZATION_PREFERS_STRING_CATALOGS = YES;
				MTL_ENABLE_DEBUG_INFO = NO;
				MTL_FAST_MATH = YES;
				SDKROOT = iphoneos;
				SWIFT_COMPILATION_MODE = wholemodule;
				VALIDATE_PRODUCT = YES;
			};
			name = Release;
		};
		A7F3B2AA2C0FBC0D0016891F /* Debug */ = {
			isa = XCBuildConfiguration;
			buildSettings = {
				ASSETCATALOG_COMPILER_APPICON_NAME = AppIcon;
				ASSETCATALOG_COMPILER_GLOBAL_ACCENT_COLOR_NAME = AccentColor;
				CODE_SIGN_STYLE = Automatic;
				CURRENT_PROJECT_VERSION = 1;
				DEVELOPMENT_TEAM = 6GVN9KUQ4D;
				GENERATE_INFOPLIST_FILE = YES;
				INFOPLIST_FILE = DataFetcher/Info.plist;
				INFOPLIST_KEY_UIApplicationSupportsIndirectInputEvents = YES;
				INFOPLIST_KEY_UILaunchStoryboardName = LaunchScreen;
				INFOPLIST_KEY_UIMainStoryboardFile = Main;
				INFOPLIST_KEY_UISupportedInterfaceOrientations_iPad = "UIInterfaceOrientationPortrait UIInterfaceOrientationPortraitUpsideDown UIInterfaceOrientationLandscapeLeft UIInterfaceOrientationLandscapeRight";
				INFOPLIST_KEY_UISupportedInterfaceOrientations_iPhone = "UIInterfaceOrientationPortrait UIInterfaceOrientationLandscapeLeft UIInterfaceOrientationLandscapeRight";
				LD_RUNPATH_SEARCH_PATHS = (
					"$(inherited)",
					"@executable_path/Frameworks",
				);
				MARKETING_VERSION = 1.0;
				PRODUCT_BUNDLE_IDENTIFIER = gustaf.DataFetcher;
				PRODUCT_NAME = "$(TARGET_NAME)";
				SWIFT_EMIT_LOC_STRINGS = YES;
				SWIFT_VERSION = 5.0;
				TARGETED_DEVICE_FAMILY = "1,2";
			};
			name = Debug;
		};
		A7F3B2AB2C0FBC0D0016891F /* Release */ = {
			isa = XCBuildConfiguration;
			buildSettings = {
				ASSETCATALOG_COMPILER_APPICON_NAME = AppIcon;
				ASSETCATALOG_COMPILER_GLOBAL_ACCENT_COLOR_NAME = AccentColor;
				CODE_SIGN_STYLE = Automatic;
				CURRENT_PROJECT_VERSION = 1;
				DEVELOPMENT_TEAM = 6GVN9KUQ4D;
				GENERATE_INFOPLIST_FILE = YES;
				INFOPLIST_FILE = DataFetcher/Info.plist;
				INFOPLIST_KEY_UIApplicationSupportsIndirectInputEvents = YES;
				INFOPLIST_KEY_UILaunchStoryboardName = LaunchScreen;
				INFOPLIST_KEY_UIMainStoryboardFile = Main;
				INFOPLIST_KEY_UISupportedInterfaceOrientations_iPad = "UIInterfaceOrientationPortrait UIInterfaceOrientationPortraitUpsideDown UIInterfaceOrientationLandscapeLeft UIInterfaceOrientationLandscapeRight";
				INFOPLIST_KEY_UISupportedInterfaceOrientations_iPhone = "UIInterfaceOrientationPortrait UIInterfaceOrientationLandscapeLeft UIInterfaceOrientationLandscapeRight";
				LD_RUNPATH_SEARCH_PATHS = (
					"$(inherited)",
					"@executable_path/Frameworks",
				);
				MARKETING_VERSION = 1.0;
				PRODUCT_BUNDLE_IDENTIFIER = gustaf.DataFetcher;
				PRODUCT_NAME = "$(TARGET_NAME)";
				SWIFT_EMIT_LOC_STRINGS = YES;
				SWIFT_VERSION = 5.0;
				TARGETED_DEVICE_FAMILY = "1,2";
			};
			name = Release;
		};
		A7F3B2AD2C0FBC0D0016891F /* Debug */ = {
			isa = XCBuildConfiguration;
			buildSettings = {
				ALWAYS_EMBED_SWIFT_STANDARD_LIBRARIES = YES;
				BUNDLE_LOADER = "$(TEST_HOST)";
				CODE_SIGN_STYLE = Automatic;
				CURRENT_PROJECT_VERSION = 1;
				DEVELOPMENT_TEAM = 6GVN9KUQ4D;
				GENERATE_INFOPLIST_FILE = YES;
				IPHONEOS_DEPLOYMENT_TARGET = 17.0;
				MARKETING_VERSION = 1.0;
				PRODUCT_BUNDLE_IDENTIFIER = gustaf.DataFetcherTests;
				PRODUCT_NAME = "$(TARGET_NAME)";
				SWIFT_EMIT_LOC_STRINGS = NO;
				SWIFT_VERSION = 5.0;
				TARGETED_DEVICE_FAMILY = "1,2";
				TEST_HOST = "$(BUILT_PRODUCTS_DIR)/DataFetcher.app/$(BUNDLE_EXECUTABLE_FOLDER_PATH)/DataFetcher";
			};
			name = Debug;
		};
		A7F3B2AE2C0FBC0D0016891F /* Release */ = {
			isa = XCBuildConfiguration;
			buildSettings = {
				ALWAYS_EMBED_SWIFT_STANDARD_LIBRARIES = YES;
				BUNDLE_LOADER = "$(TEST_HOST)";
				CODE_SIGN_STYLE = Automatic;
				CURRENT_PROJECT_VERSION = 1;
				DEVELOPMENT_TEAM = 6GVN9KUQ4D;
				GENERATE_INFOPLIST_FILE = YES;
				IPHONEOS_DEPLOYMENT_TARGET = 17.0;
				MARKETING_VERSION = 1.0;
				PRODUCT_BUNDLE_IDENTIFIER = gustaf.DataFetcherTests;
				PRODUCT_NAME = "$(TARGET_NAME)";
				SWIFT_EMIT_LOC_STRINGS = NO;
				SWIFT_VERSION = 5.0;
				TARGETED_DEVICE_FAMILY = "1,2";
				TEST_HOST = "$(BUILT_PRODUCTS_DIR)/DataFetcher.app/$(BUNDLE_EXECUTABLE_FOLDER_PATH)/DataFetcher";
			};
			name = Release;
		};
		A7F3B2B02C0FBC0D0016891F /* Debug */ = {
			isa = XCBuildConfiguration;
			buildSettings = {
				ALWAYS_EMBED_SWIFT_STANDARD_LIBRARIES = YES;
				CODE_SIGN_STYLE = Automatic;
				CURRENT_PROJECT_VERSION = 1;
				DEVELOPMENT_TEAM = 6GVN9KUQ4D;
				GENERATE_INFOPLIST_FILE = YES;
				MARKETING_VERSION = 1.0;
				PRODUCT_BUNDLE_IDENTIFIER = gustaf.DataFetcherUITests;
				PRODUCT_NAME = "$(TARGET_NAME)";
				SWIFT_EMIT_LOC_STRINGS = NO;
				SWIFT_VERSION = 5.0;
				TARGETED_DEVICE_FAMILY = "1,2";
				TEST_TARGET_NAME = DataFetcher;
			};
			name = Debug;
		};
		A7F3B2B12C0FBC0D0016891F /* Release */ = {
			isa = XCBuildConfiguration;
			buildSettings = {
				ALWAYS_EMBED_SWIFT_STANDARD_LIBRARIES = YES;
				CODE_SIGN_STYLE = Automatic;
				CURRENT_PROJECT_VERSION = 1;
				DEVELOPMENT_TEAM = 6GVN9KUQ4D;
				GENERATE_INFOPLIST_FILE = YES;
				MARKETING_VERSION = 1.0;
				PRODUCT_BUNDLE_IDENTIFIER = gustaf.DataFetcherUITests;
				PRODUCT_NAME = "$(TARGET_NAME)";
				SWIFT_EMIT_LOC_STRINGS = NO;
				SWIFT_VERSION = 5.0;
				TARGETED_DEVICE_FAMILY = "1,2";
				TEST_TARGET_NAME = DataFetcher;
			};
			name = Release;
		};
/* End XCBuildConfiguration section */

/* Begin XCConfigurationList section */
		A7F3B27A2C0FBC0A0016891F /* Build configuration list for PBXProject "DataFetcher" */ = {
			isa = XCConfigurationList;
			buildConfigurations = (
				A7F3B2A72C0FBC0D0016891F /* Debug */,
				A7F3B2A82C0FBC0D0016891F /* Release */,
			);
			defaultConfigurationIsVisible = 0;
			defaultConfigurationName = Release;
		};
		A7F3B2A92C0FBC0D0016891F /* Build configuration list for PBXNativeTarget "DataFetcher" */ = {
			isa = XCConfigurationList;
			buildConfigurations = (
				A7F3B2AA2C0FBC0D0016891F /* Debug */,
				A7F3B2AB2C0FBC0D0016891F /* Release */,
			);
			defaultConfigurationIsVisible = 0;
			defaultConfigurationName = Release;
		};
		A7F3B2AC2C0FBC0D0016891F /* Build configuration list for PBXNativeTarget "DataFetcherTests" */ = {
			isa = XCConfigurationList;
			buildConfigurations = (
				A7F3B2AD2C0FBC0D0016891F /* Debug */,
				A7F3B2AE2C0FBC0D0016891F /* Release */,
			);
			defaultConfigurationIsVisible = 0;
			defaultConfigurationName = Release;
		};
		A7F3B2AF2C0FBC0D0016891F /* Build configuration list for PBXNativeTarget "DataFetcherUITests" */ = {
			isa = XCConfigurationList;
			buildConfigurations = (
				A7F3B2B02C0FBC0D0016891F /* Debug */,
				A7F3B2B12C0FBC0D0016891F /* Release */,
			);
			defaultConfigurationIsVisible = 0;
			defaultConfigurationName = Release;
		};
/* End XCConfigurationList section */
	};
	rootObject = A7F3B2772C0FBC0A0016891F /* Project object */;
}
